
Microsoft Visual Studio Solution File, Format Version 12.00
# Visual Studio Version 17
VisualStudioVersion = 17.4.33110.190
MinimumVisualStudioVersion = 10.0.40219.1
Project("{FAE04EC0-301F-11D3-BF4B-00C04F79EFBC}") = "WebChatApp", "WebChatApp\WebChatApp.csproj", "{49C776D9-0FE7-4AAD-BF1E-AF41BB3B1D48}"
EndProject
Project("{FAE04EC0-301F-11D3-BF4B-00C04F79EFBC}") = "WebChatApp.Entities", "WebChatApp.Entities\WebChatApp.Entities.csproj", "{FA113212-8782-4145-BBEF-6CDD225A6F12}"
EndProject
Project("{FAE04EC0-301F-11D3-BF4B-00C04F79EFBC}") = "WebChatApp.Dto", "WebChatApp.Dto\WebChatApp.Dto.csproj", "{1970157F-C23A-40B2-9B79-14F252FC7AE7}"
EndProject
Project("{FAE04EC0-301F-11D3-BF4B-00C04F79EFBC}") = "WebChatApp.Business", "WebChatApp.Business\WebChatApp.Business.csproj", "{607BDD9D-C30A-4EB7-844C-D8F24A4DE321}"
EndProject
Project("{FAE04EC0-301F-11D3-BF4B-00C04F79EFBC}") = "WebChatApp.DataAccess", "WebChatApp.DataAccess\WebChatApp.DataAccess.csproj", "{05059FE9-FB93-441D-84C1-6E27DC0688B5}"
EndProject
Global
	GlobalSection(SolutionConfigurationPlatforms) = preSolution
		Debug|Any CPU = Debug|Any CPU
		Release|Any CPU = Release|Any CPU
	EndGlobalSection
	GlobalSection(ProjectConfigurationPlatforms) = postSolution
		{49C776D9-0FE7-4AAD-BF1E-AF41BB3B1D48}.Debug|Any CPU.ActiveCfg = Debug|Any CPU
		{49C776D9-0FE7-4AAD-BF1E-AF41BB3B1D48}.Debug|Any CPU.Build.0 = Debug|Any CPU
		{49C776D9-0FE7-4AAD-BF1E-AF41BB3B1D48}.Release|Any CPU.ActiveCfg = Release|Any CPU
		{49C776D9-0FE7-4AAD-BF1E-AF41BB3B1D48}.Release|Any CPU.Build.0 = Release|Any CPU
		{FA113212-8782-4145-BBEF-6CDD225A6F12}.Debug|Any CPU.ActiveCfg = Debug|Any CPU
		{FA113212-8782-4145-BBEF-6CDD225A6F12}.Debug|Any CPU.Build.0 = Debug|Any CPU
		{FA113212-8782-4145-BBEF-6CDD225A6F12}.Release|Any CPU.ActiveCfg = Release|Any CPU
		{FA113212-8782-4145-BBEF-6CDD225A6F12}.Release|Any CPU.Build.0 = Release|Any CPU
		{1970157F-C23A-40B2-9B79-14F252FC7AE7}.Debug|Any CPU.ActiveCfg = Debug|Any CPU
		{1970157F-C23A-40B2-9B79-14F252FC7AE7}.Debug|Any CPU.Build.0 = Debug|Any CPU
		{1970157F-C23A-40B2-9B79-14F252FC7AE7}.Release|Any CPU.ActiveCfg = Release|Any CPU
		{1970157F-C23A-40B2-9B79-14F252FC7AE7}.Release|Any CPU.Build.0 = Release|Any CPU
		{607BDD9D-C30A-4EB7-844C-D8F24A4DE321}.Debug|Any CPU.ActiveCfg = Debug|Any CPU
		{607BDD9D-C30A-4EB7-844C-D8F24A4DE321}.Debug|Any CPU.Build.0 = Debug|Any CPU
		{607BDD9D-C30A-4EB7-844C-D8F24A4DE321}.Release|Any CPU.ActiveCfg = Release|Any CPU
		{607BDD9D-C30A-4EB7-844C-D8F24A4DE321}.Release|Any CPU.Build.0 = Release|Any CPU
		{05059FE9-FB93-441D-84C1-6E27DC0688B5}.Debug|Any CPU.ActiveCfg = Debug|Any CPU
		{05059FE9-FB93-441D-84C1-6E27DC0688B5}.Debug|Any CPU.Build.0 = Debug|Any CPU
		{05059FE9-FB93-441D-84C1-6E27DC0688B5}.Release|Any CPU.ActiveCfg = Release|Any CPU
		{05059FE9-FB93-441D-84C1-6E27DC0688B5}.Release|Any CPU.Build.0 = Release|Any CPU
	EndGlobalSection
	GlobalSection(SolutionProperties) = preSolution
		HideSolutionNode = FALSE
	EndGlobalSection
	GlobalSection(ExtensibilityGlobals) = postSolution
		SolutionGuid = {EA98408D-21E8-4601-8F2B-37DE33D0F6D6}
	EndGlobalSection
EndGlobal
